// !$*UTF8*$!
{
	archiveVersion = 1;
	classes = {
	};
	objectVersion = 77;
	objects = {

/* Begin PBXContainerItemProxy section */
		BA6A97E02CC7F6E0001E7EF8 /* PBXContainerItemProxy */ = {
			isa = PBXContainerItemProxy;
			containerPortal = BA6A97C12CC7F6DF001E7EF8 /* Project object */;
			proxyType = 1;
			remoteGlobalIDString = BA6A97C82CC7F6DF001E7EF8;
			remoteInfo = TableViewActions;
		};
		BA6A97EA2CC7F6E0001E7EF8 /* PBXContainerItemProxy */ = {
			isa = PBXContainerItemProxy;
			containerPortal = BA6A97C12CC7F6DF001E7EF8 /* Project object */;
			proxyType = 1;
			remoteGlobalIDString = BA6A97C82CC7F6DF001E7EF8;
			remoteInfo = TableViewActions;
		};
/* End PBXContainerItemProxy section */

/* Begin PBXFileReference section */
		BA6A97C92CC7F6DF001E7EF8 /* TableViewActions.app */ = {isa = PBXFileReference; explicitFileType = wrapper.application; includeInIndex = 0; path = TableViewActions.app; sourceTree = BUILT_PRODUCTS_DIR; };
		BA6A97DF2CC7F6E0001E7EF8 /* TableViewActionsTests.xctest */ = {isa = PBXFileReference; explicitFileType = wrapper.cfbundle; includeInIndex = 0; path = TableViewActionsTests.xctest; sourceTree = BUILT_PRODUCTS_DIR; };
		BA6A97E92CC7F6E0001E7EF8 /* TableViewActionsUITests.xctest */ = {isa = PBXFileReference; explicitFileType = wrapper.cfbundle; includeInIndex = 0; path = TableViewActionsUITests.xctest; sourceTree = BUILT_PRODUCTS_DIR; };
/* End PBXFileReference section */

/* Begin PBXFileSystemSynchronizedBuildFileExceptionSet section */
		BA6A982E2CC7F7D6001E7EF8 /* Exceptions for "TableViewActions" folder in "TableViewActions" target */ = {
			isa = PBXFileSystemSynchronizedBuildFileExceptionSet;
			membershipExceptions = (
				Info.plist,
			);
			target = BA6A97C82CC7F6DF001E7EF8 /* TableViewActions */;
		};
/* End PBXFileSystemSynchronizedBuildFileExceptionSet section */

/* Begin PBXFileSystemSynchronizedRootGroup section */
		BA6A97E22CC7F6E0001E7EF8 /* TableViewActionsTests */ = {
			isa = PBXFileSystemSynchronizedRootGroup;
			path = TableViewActionsTests;
			sourceTree = "<group>";
		};
		BA6A97EC2CC7F6E0001E7EF8 /* TableViewActionsUITests */ = {
			isa = PBXFileSystemSynchronizedRootGroup;
			path = TableViewActionsUITests;
			sourceTree = "<group>";
		};
		BA6A98242CC7F7D6001E7EF8 /* TableViewActions */ = {
			isa = PBXFileSystemSynchronizedRootGroup;
			exceptions = (
				BA6A982E2CC7F7D6001E7EF8 /* Exceptions for "TableViewActions" folder in "TableViewActions" target */,
			);
			path = TableViewActions;
			sourceTree = "<group>";
		};
/* End PBXFileSystemSynchronizedRootGroup section */

/* Begin PBXFrameworksBuildPhase section */
		BA6A97C62CC7F6DF001E7EF8 /* Frameworks */ = {
			isa = PBXFrameworksBuildPhase;
			buildActionMask = 2147483647;
			files = (
			);
			runOnlyForDeploymentPostprocessing = 0;
		};
		BA6A97DC2CC7F6E0001E7EF8 /* Frameworks */ = {
			isa = PBXFrameworksBuildPhase;
			buildActionMask = 2147483647;
			files = (
			);
			runOnlyForDeploymentPostprocessing = 0;
		};
		BA6A97E62CC7F6E0001E7EF8 /* Frameworks */ = {
			isa = PBXFrameworksBuildPhase;
			buildActionMask = 2147483647;
			files = (
			);
			runOnlyForDeploymentPostprocessing = 0;
		};
/* End PBXFrameworksBuildPhase section */

/* Begin PBXGroup section */
		BA6A97C02CC7F6DF001E7EF8 = {
			isa = PBXGroup;
			children = (
				BA6A98242CC7F7D6001E7EF8 /* TableViewActions */,
				BA6A97E22CC7F6E0001E7EF8 /* TableViewActionsTests */,
				BA6A97EC2CC7F6E0001E7EF8 /* TableViewActionsUITests */,
				BA6A97CA2CC7F6DF001E7EF8 /* Products */,
			);
			sourceTree = "<group>";
		};
		BA6A97CA2CC7F6DF001E7EF8 /* Products */ = {
			isa = PBXGroup;
			children = (
				BA6A97C92CC7F6DF001E7EF8 /* TableViewActions.app */,
				BA6A97DF2CC7F6E0001E7EF8 /* TableViewActionsTests.xctest */,
				BA6A97E92CC7F6E0001E7EF8 /* TableViewActionsUITests.xctest */,
			);
			name = Products;
			sourceTree = "<group>";
		};
/* End PBXGroup section */

/* Begin PBXNativeTarget section */
		BA6A97C82CC7F6DF001E7EF8 /* TableViewActions */ = {
			isa = PBXNativeTarget;
			buildConfigurationList = BA6A97F22CC7F6E0001E7EF8 /* Build configuration list for PBXNativeTarget "TableViewActions" */;
			buildPhases = (
				BA6A97C52CC7F6DF001E7EF8 /* Sources */,
				BA6A97C62CC7F6DF001E7EF8 /* Frameworks */,
				BA6A97C72CC7F6DF001E7EF8 /* Resources */,
			);
			buildRules = (
			);
			dependencies = (
			);
			fileSystemSynchronizedGroups = (
				BA6A98242CC7F7D6001E7EF8 /* TableViewActions */,
			);
			name = TableViewActions;
			packageProductDependencies = (
			);
			productName = TableViewActions;
			productReference = BA6A97C92CC7F6DF001E7EF8 /* TableViewActions.app */;
			productType = "com.apple.product-type.application";
		};
		BA6A97DE2CC7F6E0001E7EF8 /* TableViewActionsTests */ = {
			isa = PBXNativeTarget;
			buildConfigurationList = BA6A97F72CC7F6E0001E7EF8 /* Build configuration list for PBXNativeTarget "TableViewActionsTests" */;
			buildPhases = (
				BA6A97DB2CC7F6E0001E7EF8 /* Sources */,
				BA6A97DC2CC7F6E0001E7EF8 /* Frameworks */,
				BA6A97DD2CC7F6E0001E7EF8 /* Resources */,
			);
			buildRules = (
			);
			dependencies = (
				BA6A97E12CC7F6E0001E7EF8 /* PBXTargetDependency */,
			);
			fileSystemSynchronizedGroups = (
				BA6A97E22CC7F6E0001E7EF8 /* TableViewActionsTests */,
			);
			name = TableViewActionsTests;
			packageProductDependencies = (
			);
			productName = TableViewActionsTests;
			productReference = BA6A97DF2CC7F6E0001E7EF8 /* TableViewActionsTests.xctest */;
			productType = "com.apple.product-type.bundle.unit-test";
		};
		BA6A97E82CC7F6E0001E7EF8 /* TableViewActionsUITests */ = {
			isa = PBXNativeTarget;
			buildConfigurationList = BA6A97FA2CC7F6E0001E7EF8 /* Build configuration list for PBXNativeTarget "TableViewActionsUITests" */;
			buildPhases = (
				BA6A97E52CC7F6E0001E7EF8 /* Sources */,
				BA6A97E62CC7F6E0001E7EF8 /* Frameworks */,
				BA6A97E72CC7F6E0001E7EF8 /* Resources */,
			);
			buildRules = (
			);
			dependencies = (
				BA6A97EB2CC7F6E0001E7EF8 /* PBXTargetDependency */,
			);
			fileSystemSynchronizedGroups = (
				BA6A97EC2CC7F6E0001E7EF8 /* TableViewActionsUITests */,
			);
			name = TableViewActionsUITests;
			packageProductDependencies = (
			);
			productName = TableViewActionsUITests;
			productReference = BA6A97E92CC7F6E0001E7EF8 /* TableViewActionsUITests.xctest */;
			productType = "com.apple.product-type.bundle.ui-testing";
		};
/* End PBXNativeTarget section */

/* Begin PBXProject section */
		BA6A97C12CC7F6DF001E7EF8 /* Project object */ = {
			isa = PBXProject;
			attributes = {
				BuildIndependentTargetsInParallel = 1;
				LastSwiftUpdateCheck = 1600;
				LastUpgradeCheck = 1600;
				TargetAttributes = {
					BA6A97C82CC7F6DF001E7EF8 = {
						CreatedOnToolsVersion = 16.0;
					};
					BA6A97DE2CC7F6E0001E7EF8 = {
						CreatedOnToolsVersion = 16.0;
						TestTargetID = BA6A97C82CC7F6DF001E7EF8;
					};
					BA6A97E82CC7F6E0001E7EF8 = {
						CreatedOnToolsVersion = 16.0;
						TestTargetID = BA6A97C82CC7F6DF001E7EF8;
					};
				};
			};
			buildConfigurationList = BA6A97C42CC7F6DF001E7EF8 /* Build configuration list for PBXProject "TableViewActions" */;
			developmentRegion = en;
			hasScannedForEncodings = 0;
			knownRegions = (
				en,
				Base,
			);
			mainGroup = BA6A97C02CC7F6DF001E7EF8;
			minimizedProjectReferenceProxies = 1;
			preferredProjectObjectVersion = 77;
			productRefGroup = BA6A97CA2CC7F6DF001E7EF8 /* Products */;
			projectDirPath = "";
			projectRoot = "";
			targets = (
				BA6A97C82CC7F6DF001E7EF8 /* TableViewActions */,
				BA6A97DE2CC7F6E0001E7EF8 /* TableViewActionsTests */,
				BA6A97E82CC7F6E0001E7EF8 /* TableViewActionsUITests */,
			);
		};
/* End PBXProject section */

/* Begin PBXResourcesBuildPhase section */
		BA6A97C72CC7F6DF001E7EF8 /* Resources */ = {
			isa = PBXResourcesBuildPhase;
			buildActionMask = 2147483647;
			files = (
			);
			runOnlyForDeploymentPostprocessing = 0;
		};
		BA6A97DD2CC7F6E0001E7EF8 /* Resources */ = {
			isa = PBXResourcesBuildPhase;
			buildActionMask = 2147483647;
			files = (
			);
			runOnlyForDeploymentPostprocessing = 0;
		};
		BA6A97E72CC7F6E0001E7EF8 /* Resources */ = {
			isa = PBXResourcesBuildPhase;
			buildActionMask = 2147483647;
			files = (
			);
			runOnlyForDeploymentPostprocessing = 0;
		};
/* End PBXResourcesBuildPhase section */

/* Begin PBXSourcesBuildPhase section */
		BA6A97C52CC7F6DF001E7EF8 /* Sources */ = {
			isa = PBXSourcesBuildPhase;
			buildActionMask = 2147483647;
			files = (
			);
			runOnlyForDeploymentPostprocessing = 0;
		};
		BA6A97DB2CC7F6E0001E7EF8 /* Sources */ = {
			isa = PBXSourcesBuildPhase;
			buildActionMask = 2147483647;
			files = (
			);
			runOnlyForDeploymentPostprocessing = 0;
		};
		BA6A97E52CC7F6E0001E7EF8 /* Sources */ = {
			isa = PBXSourcesBuildPhase;
			buildActionMask = 2147483647;
			files = (
			);
			runOnlyForDeploymentPostprocessing = 0;
		};
/* End PBXSourcesBuildPhase section */

/* Begin PBXTargetDependency section */
		BA6A97E12CC7F6E0001E7EF8 /* PBXTargetDependency */ = {
			isa = PBXTargetDependency;
			target = BA6A97C82CC7F6DF001E7EF8 /* TableViewActions */;
			targetProxy = BA6A97E02CC7F6E0001E7EF8 /* PBXContainerItemProxy */;
		};
		BA6A97EB2CC7F6E0001E7EF8 /* PBXTargetDependency */ = {
			isa = PBXTargetDependency;
			target = BA6A97C82CC7F6DF001E7EF8 /* TableViewActions */;
			targetProxy = BA6A97EA2CC7F6E0001E7EF8 /* PBXContainerItemProxy */;
		};
/* End PBXTargetDependency section */

/* Begin XCBuildConfiguration section */
		BA6A97F32CC7F6E0001E7EF8 /* Debug */ = {
			isa = XCBuildConfiguration;
			buildSettings = {
				ASSETCATALOG_COMPILER_APPICON_NAME = AppIcon;
				ASSETCATALOG_COMPILER_GLOBAL_ACCENT_COLOR_NAME = AccentColor;
				CODE_SIGN_STYLE = Automatic;
				CURRENT_PROJECT_VERSION = 1;
				DEVELOPMENT_TEAM = 46PR5V47LD;
				GENERATE_INFOPLIST_FILE = YES;
				INFOPLIST_FILE = TableViewActions/Info.plist;
				INFOPLIST_KEY_UIApplicationSupportsIndirectInputEvents = YES;
				INFOPLIST_KEY_UILaunchStoryboardName = LaunchScreen;
				INFOPLIST_KEY_UISupportedInterfaceOrientations_iPad = "UIInterfaceOrientationPortrait UIInterfaceOrientationPortraitUpsideDown UIInterfaceOrientationLandscapeLeft UIInterfaceOrientationLandscapeRight";
				INFOPLIST_KEY_UISupportedInterfaceOrientations_iPhone = "UIInterfaceOrientationPortrait UIInterfaceOrientationLandscapeLeft UIInterfaceOrientationLandscapeRight";
				LD_RUNPATH_SEARCH_PATHS = (
					"$(inherited)",
					"@executable_path/Frameworks",
				);
				MARKETING_VERSION = 1.0;
				PRODUCT_BUNDLE_IDENTIFIER = com.yunusberdibekk.TableViewActions;
				PRODUCT_NAME = "$(TARGET_NAME)";
				SWIFT_EMIT_LOC_STRINGS = YES;
				SWIFT_VERSION = 5.0;
				TARGETED_DEVICE_FAMILY = "1,2";
			};
			name = Debug;
		};
		BA6A97F42CC7F6E0001E7EF8 /* Release */ = {
			isa = XCBuildConfiguration;
			buildSettings = {
				ASSETCATALOG_COMPILER_APPICON_NAME = AppIcon;
				ASSETCATALOG_COMPILER_GLOBAL_ACCENT_COLOR_NAME = AccentColor;
				CODE_SIGN_STYLE = Automatic;
				CURRENT_PROJECT_VERSION = 1;
				DEVELOPMENT_TEAM = 46PR5V47LD;
				GENERATE_INFOPLIST_FILE = YES;
				INFOPLIST_FILE = TableViewActions/Info.plist;
				INFOPLIST_KEY_UIApplicationSupportsIndirectInputEvents = YES;
				INFOPLIST_KEY_UILaunchStoryboardName = LaunchScreen;
				INFOPLIST_KEY_UISupportedInterfaceOrientations_iPad = "UIInterfaceOrientationPortrait UIInterfaceOrientationPortraitUpsideDown UIInterfaceOrientationLandscapeLeft UIInterfaceOrientationLandscapeRight";
				INFOPLIST_KEY_UISupportedInterfaceOrientations_iPhone = "UIInterfaceOrientationPortrait UIInterfaceOrientationLandscapeLeft UIInterfaceOrientationLandscapeRight";
				LD_RUNPATH_SEARCH_PATHS = (
					"$(inherited)",
					"@executable_path/Frameworks",
				);
				MARKETING_VERSION = 1.0;
				PRODUCT_BUNDLE_IDENTIFIER = com.yunusberdibekk.TableViewActions;
				PRODUCT_NAME = "$(TARGET_NAME)";
				SWIFT_EMIT_LOC_STRINGS = YES;
				SWIFT_VERSION = 5.0;
				TARGETED_DEVICE_FAMILY = "1,2";
			};
			name = Release;
		};
		BA6A97F52CC7F6E0001E7EF8 /* Debug */ = {
			isa = XCBuildConfiguration;
			buildSettings = {
				ALWAYS_SEARCH_USER_PATHS = NO;
				ASSETCATALOG_COMPILER_GENERATE_SWIFT_ASSET_SYMBOL_EXTENSIONS = YES;
				CLANG_ANALYZER_NONNULL = YES;
				CLANG_ANALYZER_NUMBER_OBJECT_CONVERSION = YES_AGGRESSIVE;
				CLANG_CXX_LANGUAGE_STANDARD = "gnu++20";
				CLANG_ENABLE_MODULES = YES;
				CLANG_ENABLE_OBJC_ARC = YES;
				CLANG_ENABLE_OBJC_WEAK = YES;
				CLANG_WARN_BLOCK_CAPTURE_AUTORELEASING = YES;
				CLANG_WARN_BOOL_CONVERSION = YES;
				CLANG_WARN_COMMA = YES;
				CLANG_WARN_CONSTANT_CONVERSION = YES;
				CLANG_WARN_DEPRECATED_OBJC_IMPLEMENTATIONS = YES;
				CLANG_WARN_DIRECT_OBJC_ISA_USAGE = YES_ERROR;
				CLANG_WARN_DOCUMENTATION_COMMENTS = YES;
				CLANG_WARN_EMPTY_BODY = YES;
				CLANG_WARN_ENUM_CONVERSION = YES;
				CLANG_WARN_INFINITE_RECURSION = YES;
				CLANG_WARN_INT_CONVERSION = YES;
				CLANG_WARN_NON_LITERAL_NULL_CONVERSION = YES;
				CLANG_WARN_OBJC_IMPLICIT_RETAIN_SELF = YES;
				CLANG_WARN_OBJC_LITERAL_CONVERSION = YES;
				CLANG_WARN_OBJC_ROOT_CLASS = YES_ERROR;
				CLANG_WARN_QUOTED_INCLUDE_IN_FRAMEWORK_HEADER = YES;
				CLANG_WARN_RANGE_LOOP_ANALYSIS = YES;
				CLANG_WARN_STRICT_PROTOTYPES = YES;
				CLANG_WARN_SUSPICIOUS_MOVE = YES;
				CLANG_WARN_UNGUARDED_AVAILABILITY = YES_AGGRESSIVE;
				CLANG_WARN_UNREACHABLE_CODE = YES;
				CLANG_WARN__DUPLICATE_METHOD_MATCH = YES;
				COPY_PHASE_STRIP = NO;
				DEBUG_INFORMATION_FORMAT = dwarf;
				ENABLE_STRICT_OBJC_MSGSEND = YES;
				ENABLE_TESTABILITY = YES;
				ENABLE_USER_SCRIPT_SANDBOXING = YES;
				GCC_C_LANGUAGE_STANDARD = gnu17;
				GCC_DYNAMIC_NO_PIC = NO;
				GCC_NO_COMMON_BLOCKS = YES;
				GCC_OPTIMIZATION_LEVEL = 0;
				GCC_PREPROCESSOR_DEFINITIONS = (
					"DEBUG=1",
					"$(inherited)",
				);
				GCC_WARN_64_TO_32_BIT_CONVERSION = YES;
				GCC_WARN_ABOUT_RETURN_TYPE = YES_ERROR;
				GCC_WARN_UNDECLARED_SELECTOR = YES;
				GCC_WARN_UNINITIALIZED_AUTOS = YES_AGGRESSIVE;
				GCC_WARN_UNUSED_FUNCTION = YES;
				GCC_WARN_UNUSED_VARIABLE = YES;
				IPHONEOS_DEPLOYMENT_TARGET = 18.0;
				LOCALIZATION_PREFERS_STRING_CATALOGS = YES;
				MTL_ENABLE_DEBUG_INFO = INCLUDE_SOURCE;
				MTL_FAST_MATH = YES;
				ONLY_ACTIVE_ARCH = YES;
				SDKROOT = iphoneos;
				SWIFT_ACTIVE_COMPILATION_CONDITIONS = "DEBUG $(inherited)";
				SWIFT_OPTIMIZATION_LEVEL = "-Onone";
			};
			name = Debug;
		};
		BA6A97F62CC7F6E0001E7EF8 /* Release */ = {
			isa = XCBuildConfiguration;
			buildSettings = {
				ALWAYS_SEARCH_USER_PATHS = NO;
				ASSETCATALOG_COMPILER_GENERATE_SWIFT_ASSET_SYMBOL_EXTENSIONS = YES;
				CLANG_ANALYZER_NONNULL = YES;
				CLANG_ANALYZER_NUMBER_OBJECT_CONVERSION = YES_AGGRESSIVE;
				CLANG_CXX_LANGUAGE_STANDARD = "gnu++20";
				CLANG_ENABLE_MODULES = YES;
				CLANG_ENABLE_OBJC_ARC = YES;
				CLANG_ENABLE_OBJC_WEAK = YES;
				CLANG_WARN_BLOCK_CAPTURE_AUTORELEASING = YES;
				CLANG_WARN_BOOL_CONVERSION = YES;
				CLANG_WARN_COMMA = YES;
				CLANG_WARN_CONSTANT_CONVERSION = YES;
				CLANG_WARN_DEPRECATED_OBJC_IMPLEMENTATIONS = YES;
				CLANG_WARN_DIRECT_OBJC_ISA_USAGE = YES_ERROR;
				CLANG_WARN_DOCUMENTATION_COMMENTS = YES;
				CLANG_WARN_EMPTY_BODY = YES;
				CLANG_WARN_ENUM_CONVERSION = YES;
				CLANG_WARN_INFINITE_RECURSION = YES;
				CLANG_WARN_INT_CONVERSION = YES;
				CLANG_WARN_NON_LITERAL_NULL_CONVERSION = YES;
				CLANG_WARN_OBJC_IMPLICIT_RETAIN_SELF = YES;
				CLANG_WARN_OBJC_LITERAL_CONVERSION = YES;
				CLANG_WARN_OBJC_ROOT_CLASS = YES_ERROR;
				CLANG_WARN_QUOTED_INCLUDE_IN_FRAMEWORK_HEADER = YES;
				CLANG_WARN_RANGE_LOOP_ANALYSIS = YES;
				CLANG_WARN_STRICT_PROTOTYPES = YES;
				CLANG_WARN_SUSPICIOUS_MOVE = YES;
				CLANG_WARN_UNGUARDED_AVAILABILITY = YES_AGGRESSIVE;
				CLANG_WARN_UNREACHABLE_CODE = YES;
				CLANG_WARN__DUPLICATE_METHOD_MATCH = YES;
				COPY_PHASE_STRIP = NO;
				DEBUG_INFORMATION_FORMAT = "dwarf-with-dsym";
				ENABLE_NS_ASSERTIONS = NO;
				ENABLE_STRICT_OBJC_MSGSEND = YES;
				ENABLE_USER_SCRIPT_SANDBOXING = YES;
				GCC_C_LANGUAGE_STANDARD = gnu17;
				GCC_NO_COMMON_BLOCKS = YES;
				GCC_WARN_64_TO_32_BIT_CONVERSION = YES;
				GCC_WARN_ABOUT_RETURN_TYPE = YES_ERROR;
				GCC_WARN_UNDECLARED_SELECTOR = YES;
				GCC_WARN_UNINITIALIZED_AUTOS = YES_AGGRESSIVE;
				GCC_WARN_UNUSED_FUNCTION = YES;
				GCC_WARN_UNUSED_VARIABLE = YES;
				IPHONEOS_DEPLOYMENT_TARGET = 18.0;
				LOCALIZATION_PREFERS_STRING_CATALOGS = YES;
				MTL_ENABLE_DEBUG_INFO = NO;
				MTL_FAST_MATH = YES;
				SDKROOT = iphoneos;
				SWIFT_COMPILATION_MODE = wholemodule;
				VALIDATE_PRODUCT = YES;
			};
			name = Release;
		};
		BA6A97F82CC7F6E0001E7EF8 /* Debug */ = {
			isa = XCBuildConfiguration;
			buildSettings = {
				BUNDLE_LOADER = "$(TEST_HOST)";
				CODE_SIGN_STYLE = Automatic;
				CURRENT_PROJECT_VERSION = 1;
				DEVELOPMENT_TEAM = 46PR5V47LD;
				GENERATE_INFOPLIST_FILE = YES;
				IPHONEOS_DEPLOYMENT_TARGET = 18.0;
				MARKETING_VERSION = 1.0;
				PRODUCT_BUNDLE_IDENTIFIER = com.yunusberdibekk.TableViewActionsTests;
				PRODUCT_NAME = "$(TARGET_NAME)";
				SWIFT_EMIT_LOC_STRINGS = NO;
				SWIFT_VERSION = 5.0;
				TARGETED_DEVICE_FAMILY = "1,2";
				TEST_HOST = "$(BUILT_PRODUCTS_DIR)/TableViewActions.app/$(BUNDLE_EXECUTABLE_FOLDER_PATH)/TableViewActions";
			};
			name = Debug;
		};
		BA6A97F92CC7F6E0001E7EF8 /* Release */ = {
			isa = XCBuildConfiguration;
			buildSettings = {
				BUNDLE_LOADER = "$(TEST_HOST)";
				CODE_SIGN_STYLE = Automatic;
				CURRENT_PROJECT_VERSION = 1;
				DEVELOPMENT_TEAM = 46PR5V47LD;
				GENERATE_INFOPLIST_FILE = YES;
				IPHONEOS_DEPLOYMENT_TARGET = 18.0;
				MARKETING_VERSION = 1.0;
				PRODUCT_BUNDLE_IDENTIFIER = com.yunusberdibekk.TableViewActionsTests;
				PRODUCT_NAME = "$(TARGET_NAME)";
				SWIFT_EMIT_LOC_STRINGS = NO;
				SWIFT_VERSION = 5.0;
				TARGETED_DEVICE_FAMILY = "1,2";
				TEST_HOST = "$(BUILT_PRODUCTS_DIR)/TableViewActions.app/$(BUNDLE_EXECUTABLE_FOLDER_PATH)/TableViewActions";
			};
			name = Release;
		};
		BA6A97FB2CC7F6E0001E7EF8 /* Debug */ = {
			isa = XCBuildConfiguration;
			buildSettings = {
				CODE_SIGN_STYLE = Automatic;
				CURRENT_PROJECT_VERSION = 1;
				DEVELOPMENT_TEAM = 46PR5V47LD;
				GENERATE_INFOPLIST_FILE = YES;
				MARKETING_VERSION = 1.0;
				PRODUCT_BUNDLE_IDENTIFIER = com.yunusberdibekk.TableViewActionsUITests;
				PRODUCT_NAME = "$(TARGET_NAME)";
				SWIFT_EMIT_LOC_STRINGS = NO;
				SWIFT_VERSION = 5.0;
				TARGETED_DEVICE_FAMILY = "1,2";
				TEST_TARGET_NAME = TableViewActions;
			};
			name = Debug;
		};
		BA6A97FC2CC7F6E0001E7EF8 /* Release */ = {
			isa = XCBuildConfiguration;
			buildSettings = {
				CODE_SIGN_STYLE = Automatic;
				CURRENT_PROJECT_VERSION = 1;
				DEVELOPMENT_TEAM = 46PR5V47LD;
				GENERATE_INFOPLIST_FILE = YES;
				MARKETING_VERSION = 1.0;
				PRODUCT_BUNDLE_IDENTIFIER = com.yunusberdibekk.TableViewActionsUITests;
				PRODUCT_NAME = "$(TARGET_NAME)";
				SWIFT_EMIT_LOC_STRINGS = NO;
				SWIFT_VERSION = 5.0;
				TARGETED_DEVICE_FAMILY = "1,2";
				TEST_TARGET_NAME = TableViewActions;
			};
			name = Release;
		};
/* End XCBuildConfiguration section */

/* Begin XCConfigurationList section */
		BA6A97C42CC7F6DF001E7EF8 /* Build configuration list for PBXProject "TableViewActions" */ = {
			isa = XCConfigurationList;
			buildConfigurations = (
				BA6A97F52CC7F6E0001E7EF8 /* Debug */,
				BA6A97F62CC7F6E0001E7EF8 /* Release */,
			);
			defaultConfigurationIsVisible = 0;
			defaultConfigurationName = Release;
		};
		BA6A97F22CC7F6E0001E7EF8 /* Build configuration list for PBXNativeTarget "TableViewActions" */ = {
			isa = XCConfigurationList;
			buildConfigurations = (
				BA6A97F32CC7F6E0001E7EF8 /* Debug */,
				BA6A97F42CC7F6E0001E7EF8 /* Release */,
			);
			defaultConfigurationIsVisible = 0;
			defaultConfigurationName = Release;
		};
		BA6A97F72CC7F6E0001E7EF8 /* Build configuration list for PBXNativeTarget "TableViewActionsTests" */ = {
			isa = XCConfigurationList;
			buildConfigurations = (
				BA6A97F82CC7F6E0001E7EF8 /* Debug */,
				BA6A97F92CC7F6E0001E7EF8 /* Release */,
			);
			defaultConfigurationIsVisible = 0;
			defaultConfigurationName = Release;
		};
		BA6A97FA2CC7F6E0001E7EF8 /* Build configuration list for PBXNativeTarget "TableViewActionsUITests" */ = {
			isa = XCConfigurationList;
			buildConfigurations = (
				BA6A97FB2CC7F6E0001E7EF8 /* Debug */,
				BA6A97FC2CC7F6E0001E7EF8 /* Release */,
			);
			defaultConfigurationIsVisible = 0;
			defaultConfigurationName = Release;
		};
/* End XCConfigurationList section */
	};
	rootObject = BA6A97C12CC7F6DF001E7EF8 /* Project object */;
}
