// !$*UTF8*$!
{
	archiveVersion = 1;
	classes = {
	};
	objectVersion = 56;
	objects = {

/* Begin PBXBuildFile section */
		BE221FE22C8B07A100D2EAC7 /* AppDelegate.swift in Sources */ = {isa = PBXBuildFile; fileRef = BE221FE12C8B07A100D2EAC7 /* AppDelegate.swift */; };
		BE221FE62C8B07A100D2EAC7 /* OnboardingViewController.swift in Sources */ = {isa = PBXBuildFile; fileRef = BE221FE52C8B07A100D2EAC7 /* OnboardingViewController.swift */; };
		BE221FEB2C8B07A200D2EAC7 /* Assets.xcassets in Resources */ = {isa = PBXBuildFile; fileRef = BE221FEA2C8B07A200D2EAC7 /* Assets.xcassets */; };
		BE221FEE2C8B07A200D2EAC7 /* Base in Resources */ = {isa = PBXBuildFile; fileRef = BE221FED2C8B07A200D2EAC7 /* Base */; };
		BE221FFC2C8B085500D2EAC7 /* AppRouter.swift in Sources */ = {isa = PBXBuildFile; fileRef = BE221FFB2C8B085500D2EAC7 /* AppRouter.swift */; };
		BE221FFE2C8B085A00D2EAC7 /* AppContainer.swift in Sources */ = {isa = PBXBuildFile; fileRef = BE221FFD2C8B085A00D2EAC7 /* AppContainer.swift */; };
		BE5520EE2C8B0CF8009A8BF2 /* LoginViewController.swift in Sources */ = {isa = PBXBuildFile; fileRef = BE5520ED2C8B0CF8009A8BF2 /* LoginViewController.swift */; };
		BE5520F02C8B6A59009A8BF2 /* LoginInputFieldsView.swift in Sources */ = {isa = PBXBuildFile; fileRef = BE5520EF2C8B6A59009A8BF2 /* LoginInputFieldsView.swift */; };
		BE8FA7752C8CB382005A03F6 /* Images.xcassets in Resources */ = {isa = PBXBuildFile; fileRef = BE8FA7742C8CB382005A03F6 /* Images.xcassets */; };
		BE8FA7772C8CB3B0005A03F6 /* OnboardItemViewController.swift in Sources */ = {isa = PBXBuildFile; fileRef = BE8FA7762C8CB3B0005A03F6 /* OnboardItemViewController.swift */; };
		BE8FA77A2C8CB720005A03F6 /* OnboardItem.swift in Sources */ = {isa = PBXBuildFile; fileRef = BE8FA7792C8CB720005A03F6 /* OnboardItem.swift */; };
		BE8FA7812C8E4D24005A03F6 /* HomeSceneContracts.swift in Sources */ = {isa = PBXBuildFile; fileRef = BE8FA7802C8E4D24005A03F6 /* HomeSceneContracts.swift */; };
		BE8FA7832C8E4E42005A03F6 /* HomeSceneBuilder.swift in Sources */ = {isa = PBXBuildFile; fileRef = BE8FA7822C8E4E42005A03F6 /* HomeSceneBuilder.swift */; };
		BE8FA7852C8E5123005A03F6 /* HomeSceneViewModel.swift in Sources */ = {isa = PBXBuildFile; fileRef = BE8FA7842C8E5123005A03F6 /* HomeSceneViewModel.swift */; };
		BE8FA7872C8E5135005A03F6 /* HomeSceneViewController.swift in Sources */ = {isa = PBXBuildFile; fileRef = BE8FA7862C8E5135005A03F6 /* HomeSceneViewController.swift */; };
/* End PBXBuildFile section */

/* Begin PBXFileReference section */
		BE221FDE2C8B07A100D2EAC7 /* Bankey.app */ = {isa = PBXFileReference; explicitFileType = wrapper.application; includeInIndex = 0; path = Bankey.app; sourceTree = BUILT_PRODUCTS_DIR; };
		BE221FE12C8B07A100D2EAC7 /* AppDelegate.swift */ = {isa = PBXFileReference; lastKnownFileType = sourcecode.swift; path = AppDelegate.swift; sourceTree = "<group>"; };
		BE221FE52C8B07A100D2EAC7 /* OnboardingViewController.swift */ = {isa = PBXFileReference; lastKnownFileType = sourcecode.swift; path = OnboardingViewController.swift; sourceTree = "<group>"; };
		BE221FEA2C8B07A200D2EAC7 /* Assets.xcassets */ = {isa = PBXFileReference; lastKnownFileType = folder.assetcatalog; path = Assets.xcassets; sourceTree = "<group>"; };
		BE221FED2C8B07A200D2EAC7 /* Base */ = {isa = PBXFileReference; lastKnownFileType = file.storyboard; name = Base; path = Base.lproj/LaunchScreen.storyboard; sourceTree = "<group>"; };
		BE221FEF2C8B07A200D2EAC7 /* Info.plist */ = {isa = PBXFileReference; lastKnownFileType = text.plist.xml; path = Info.plist; sourceTree = "<group>"; };
		BE221FFB2C8B085500D2EAC7 /* AppRouter.swift */ = {isa = PBXFileReference; lastKnownFileType = sourcecode.swift; path = AppRouter.swift; sourceTree = "<group>"; };
		BE221FFD2C8B085A00D2EAC7 /* AppContainer.swift */ = {isa = PBXFileReference; lastKnownFileType = sourcecode.swift; path = AppContainer.swift; sourceTree = "<group>"; };
		BE5520ED2C8B0CF8009A8BF2 /* LoginViewController.swift */ = {isa = PBXFileReference; lastKnownFileType = sourcecode.swift; path = LoginViewController.swift; sourceTree = "<group>"; };
		BE5520EF2C8B6A59009A8BF2 /* LoginInputFieldsView.swift */ = {isa = PBXFileReference; lastKnownFileType = sourcecode.swift; path = LoginInputFieldsView.swift; sourceTree = "<group>"; };
		BE8FA7742C8CB382005A03F6 /* Images.xcassets */ = {isa = PBXFileReference; lastKnownFileType = folder.assetcatalog; path = Images.xcassets; sourceTree = "<group>"; };
		BE8FA7762C8CB3B0005A03F6 /* OnboardItemViewController.swift */ = {isa = PBXFileReference; lastKnownFileType = sourcecode.swift; path = OnboardItemViewController.swift; sourceTree = "<group>"; };
		BE8FA7792C8CB720005A03F6 /* OnboardItem.swift */ = {isa = PBXFileReference; lastKnownFileType = sourcecode.swift; path = OnboardItem.swift; sourceTree = "<group>"; };
		BE8FA7802C8E4D24005A03F6 /* HomeSceneContracts.swift */ = {isa = PBXFileReference; lastKnownFileType = sourcecode.swift; path = HomeSceneContracts.swift; sourceTree = "<group>"; };
		BE8FA7822C8E4E42005A03F6 /* HomeSceneBuilder.swift */ = {isa = PBXFileReference; lastKnownFileType = sourcecode.swift; path = HomeSceneBuilder.swift; sourceTree = "<group>"; };
		BE8FA7842C8E5123005A03F6 /* HomeSceneViewModel.swift */ = {isa = PBXFileReference; lastKnownFileType = sourcecode.swift; path = HomeSceneViewModel.swift; sourceTree = "<group>"; };
		BE8FA7862C8E5135005A03F6 /* HomeSceneViewController.swift */ = {isa = PBXFileReference; lastKnownFileType = sourcecode.swift; path = HomeSceneViewController.swift; sourceTree = "<group>"; };
/* End PBXFileReference section */

/* Begin PBXFrameworksBuildPhase section */
		BE221FDB2C8B07A100D2EAC7 /* Frameworks */ = {
			isa = PBXFrameworksBuildPhase;
			buildActionMask = 2147483647;
			files = (
			);
			runOnlyForDeploymentPostprocessing = 0;
		};
/* End PBXFrameworksBuildPhase section */

/* Begin PBXGroup section */
		BE221FD52C8B07A100D2EAC7 = {
			isa = PBXGroup;
			children = (
				BE221FE02C8B07A100D2EAC7 /* Bankey */,
				BE221FDF2C8B07A100D2EAC7 /* Products */,
			);
			sourceTree = "<group>";
		};
		BE221FDF2C8B07A100D2EAC7 /* Products */ = {
			isa = PBXGroup;
			children = (
				BE221FDE2C8B07A100D2EAC7 /* Bankey.app */,
			);
			name = Products;
			sourceTree = "<group>";
		};
		BE221FE02C8B07A100D2EAC7 /* Bankey */ = {
			isa = PBXGroup;
			children = (
				BE221FF52C8B07A900D2EAC7 /* App */,
				BE221FF62C8B07AB00D2EAC7 /* Resources */,
				BE221FF72C8B07B000D2EAC7 /* Scenes */,
			);
			path = Bankey;
			sourceTree = "<group>";
		};
		BE221FF52C8B07A900D2EAC7 /* App */ = {
			isa = PBXGroup;
			children = (
				BE221FE12C8B07A100D2EAC7 /* AppDelegate.swift */,
				BE221FFD2C8B085A00D2EAC7 /* AppContainer.swift */,
				BE221FFB2C8B085500D2EAC7 /* AppRouter.swift */,
			);
			path = App;
			sourceTree = "<group>";
		};
		BE221FF62C8B07AB00D2EAC7 /* Resources */ = {
			isa = PBXGroup;
			children = (
				BE221FEF2C8B07A200D2EAC7 /* Info.plist */,
				BE221FEA2C8B07A200D2EAC7 /* Assets.xcassets */,
				BE8FA7742C8CB382005A03F6 /* Images.xcassets */,
			);
			path = Resources;
			sourceTree = "<group>";
		};
		BE221FF72C8B07B000D2EAC7 /* Scenes */ = {
			isa = PBXGroup;
			children = (
				BE8FA77F2C8E4D1C005A03F6 /* Home */,
				BE5520EC2C8B0CE5009A8BF2 /* Login */,
				BE221FF92C8B07DC00D2EAC7 /* Onboarding */,
				BE221FF82C8B07B400D2EAC7 /* Launch */,
			);
			path = Scenes;
			sourceTree = "<group>";
		};
		BE221FF82C8B07B400D2EAC7 /* Launch */ = {
			isa = PBXGroup;
			children = (
				BE221FEC2C8B07A200D2EAC7 /* LaunchScreen.storyboard */,
			);
			path = Launch;
			sourceTree = "<group>";
		};
		BE221FF92C8B07DC00D2EAC7 /* Onboarding */ = {
			isa = PBXGroup;
			children = (
				BE8FA77D2C8E4CDE005A03F6 /* Controller */,
				BE8FA7782C8CB713005A03F6 /* Model */,
			);
			path = Onboarding;
			sourceTree = "<group>";
		};
		BE5520EC2C8B0CE5009A8BF2 /* Login */ = {
			isa = PBXGroup;
			children = (
				BE5520ED2C8B0CF8009A8BF2 /* LoginViewController.swift */,
				BE5520EF2C8B6A59009A8BF2 /* LoginInputFieldsView.swift */,
			);
			path = Login;
			sourceTree = "<group>";
		};
		BE8FA7782C8CB713005A03F6 /* Model */ = {
			isa = PBXGroup;
			children = (
				BE8FA7792C8CB720005A03F6 /* OnboardItem.swift */,
			);
			path = Model;
			sourceTree = "<group>";
		};
		BE8FA77D2C8E4CDE005A03F6 /* Controller */ = {
			isa = PBXGroup;
			children = (
				BE221FE52C8B07A100D2EAC7 /* OnboardingViewController.swift */,
				BE8FA7762C8CB3B0005A03F6 /* OnboardItemViewController.swift */,
			);
			path = Controller;
			sourceTree = "<group>";
		};
		BE8FA77F2C8E4D1C005A03F6 /* Home */ = {
			isa = PBXGroup;
			children = (
				BE8FA7822C8E4E42005A03F6 /* HomeSceneBuilder.swift */,
				BE8FA7802C8E4D24005A03F6 /* HomeSceneContracts.swift */,
				BE8FA7862C8E5135005A03F6 /* HomeSceneViewController.swift */,
				BE8FA7842C8E5123005A03F6 /* HomeSceneViewModel.swift */,
			);
			path = Home;
			sourceTree = "<group>";
		};
/* End PBXGroup section */

/* Begin PBXNativeTarget section */
		BE221FDD2C8B07A100D2EAC7 /* Bankey */ = {
			isa = PBXNativeTarget;
			buildConfigurationList = BE221FF22C8B07A200D2EAC7 /* Build configuration list for PBXNativeTarget "Bankey" */;
			buildPhases = (
				BE221FDA2C8B07A100D2EAC7 /* Sources */,
				BE221FDB2C8B07A100D2EAC7 /* Frameworks */,
				BE221FDC2C8B07A100D2EAC7 /* Resources */,
			);
			buildRules = (
			);
			dependencies = (
			);
			name = Bankey;
			productName = Bankey;
			productReference = BE221FDE2C8B07A100D2EAC7 /* Bankey.app */;
			productType = "com.apple.product-type.application";
		};
/* End PBXNativeTarget section */

/* Begin PBXProject section */
		BE221FD62C8B07A100D2EAC7 /* Project object */ = {
			isa = PBXProject;
			attributes = {
				BuildIndependentTargetsInParallel = 1;
				LastSwiftUpdateCheck = 1540;
				LastUpgradeCheck = 1540;
				TargetAttributes = {
					BE221FDD2C8B07A100D2EAC7 = {
						CreatedOnToolsVersion = 15.4;
					};
				};
			};
			buildConfigurationList = BE221FD92C8B07A100D2EAC7 /* Build configuration list for PBXProject "Bankey" */;
			compatibilityVersion = "Xcode 14.0";
			developmentRegion = en;
			hasScannedForEncodings = 0;
			knownRegions = (
				en,
				Base,
			);
			mainGroup = BE221FD52C8B07A100D2EAC7;
			productRefGroup = BE221FDF2C8B07A100D2EAC7 /* Products */;
			projectDirPath = "";
			projectRoot = "";
			targets = (
				BE221FDD2C8B07A100D2EAC7 /* Bankey */,
			);
		};
/* End PBXProject section */

/* Begin PBXResourcesBuildPhase section */
		BE221FDC2C8B07A100D2EAC7 /* Resources */ = {
			isa = PBXResourcesBuildPhase;
			buildActionMask = 2147483647;
			files = (
				BE8FA7752C8CB382005A03F6 /* Images.xcassets in Resources */,
				BE221FEB2C8B07A200D2EAC7 /* Assets.xcassets in Resources */,
				BE221FEE2C8B07A200D2EAC7 /* Base in Resources */,
			);
			runOnlyForDeploymentPostprocessing = 0;
		};
/* End PBXResourcesBuildPhase section */

/* Begin PBXSourcesBuildPhase section */
		BE221FDA2C8B07A100D2EAC7 /* Sources */ = {
			isa = PBXSourcesBuildPhase;
			buildActionMask = 2147483647;
			files = (
				BE8FA7812C8E4D24005A03F6 /* HomeSceneContracts.swift in Sources */,
				BE8FA77A2C8CB720005A03F6 /* OnboardItem.swift in Sources */,
				BE8FA7852C8E5123005A03F6 /* HomeSceneViewModel.swift in Sources */,
				BE5520F02C8B6A59009A8BF2 /* LoginInputFieldsView.swift in Sources */,
				BE221FE62C8B07A100D2EAC7 /* OnboardingViewController.swift in Sources */,
				BE221FFE2C8B085A00D2EAC7 /* AppContainer.swift in Sources */,
				BE221FE22C8B07A100D2EAC7 /* AppDelegate.swift in Sources */,
				BE8FA7772C8CB3B0005A03F6 /* OnboardItemViewController.swift in Sources */,
				BE8FA7832C8E4E42005A03F6 /* HomeSceneBuilder.swift in Sources */,
				BE5520EE2C8B0CF8009A8BF2 /* LoginViewController.swift in Sources */,
				BE221FFC2C8B085500D2EAC7 /* AppRouter.swift in Sources */,
				BE8FA7872C8E5135005A03F6 /* HomeSceneViewController.swift in Sources */,
			);
			runOnlyForDeploymentPostprocessing = 0;
		};
/* End PBXSourcesBuildPhase section */

/* Begin PBXVariantGroup section */
		BE221FEC2C8B07A200D2EAC7 /* LaunchScreen.storyboard */ = {
			isa = PBXVariantGroup;
			children = (
				BE221FED2C8B07A200D2EAC7 /* Base */,
			);
			name = LaunchScreen.storyboard;
			sourceTree = "<group>";
		};
/* End PBXVariantGroup section */

/* Begin XCBuildConfiguration section */
		BE221FF02C8B07A200D2EAC7 /* Debug */ = {
			isa = XCBuildConfiguration;
			buildSettings = {
				ALWAYS_SEARCH_USER_PATHS = NO;
				ASSETCATALOG_COMPILER_GENERATE_SWIFT_ASSET_SYMBOL_EXTENSIONS = YES;
				CLANG_ANALYZER_NONNULL = YES;
				CLANG_ANALYZER_NUMBER_OBJECT_CONVERSION = YES_AGGRESSIVE;
				CLANG_CXX_LANGUAGE_STANDARD = "gnu++20";
				CLANG_ENABLE_MODULES = YES;
				CLANG_ENABLE_OBJC_ARC = YES;
				CLANG_ENABLE_OBJC_WEAK = YES;
				CLANG_WARN_BLOCK_CAPTURE_AUTORELEASING = YES;
				CLANG_WARN_BOOL_CONVERSION = YES;
				CLANG_WARN_COMMA = YES;
				CLANG_WARN_CONSTANT_CONVERSION = YES;
				CLANG_WARN_DEPRECATED_OBJC_IMPLEMENTATIONS = YES;
				CLANG_WARN_DIRECT_OBJC_ISA_USAGE = YES_ERROR;
				CLANG_WARN_DOCUMENTATION_COMMENTS = YES;
				CLANG_WARN_EMPTY_BODY = YES;
				CLANG_WARN_ENUM_CONVERSION = YES;
				CLANG_WARN_INFINITE_RECURSION = YES;
				CLANG_WARN_INT_CONVERSION = YES;
				CLANG_WARN_NON_LITERAL_NULL_CONVERSION = YES;
				CLANG_WARN_OBJC_IMPLICIT_RETAIN_SELF = YES;
				CLANG_WARN_OBJC_LITERAL_CONVERSION = YES;
				CLANG_WARN_OBJC_ROOT_CLASS = YES_ERROR;
				CLANG_WARN_QUOTED_INCLUDE_IN_FRAMEWORK_HEADER = YES;
				CLANG_WARN_RANGE_LOOP_ANALYSIS = YES;
				CLANG_WARN_STRICT_PROTOTYPES = YES;
				CLANG_WARN_SUSPICIOUS_MOVE = YES;
				CLANG_WARN_UNGUARDED_AVAILABILITY = YES_AGGRESSIVE;
				CLANG_WARN_UNREACHABLE_CODE = YES;
				CLANG_WARN__DUPLICATE_METHOD_MATCH = YES;
				COPY_PHASE_STRIP = NO;
				DEBUG_INFORMATION_FORMAT = dwarf;
				ENABLE_STRICT_OBJC_MSGSEND = YES;
				ENABLE_TESTABILITY = YES;
				ENABLE_USER_SCRIPT_SANDBOXING = YES;
				GCC_C_LANGUAGE_STANDARD = gnu17;
				GCC_DYNAMIC_NO_PIC = NO;
				GCC_NO_COMMON_BLOCKS = YES;
				GCC_OPTIMIZATION_LEVEL = 0;
				GCC_PREPROCESSOR_DEFINITIONS = (
					"DEBUG=1",
					"$(inherited)",
				);
				GCC_WARN_64_TO_32_BIT_CONVERSION = YES;
				GCC_WARN_ABOUT_RETURN_TYPE = YES_ERROR;
				GCC_WARN_UNDECLARED_SELECTOR = YES;
				GCC_WARN_UNINITIALIZED_AUTOS = YES_AGGRESSIVE;
				GCC_WARN_UNUSED_FUNCTION = YES;
				GCC_WARN_UNUSED_VARIABLE = YES;
				IPHONEOS_DEPLOYMENT_TARGET = 17.5;
				LOCALIZATION_PREFERS_STRING_CATALOGS = YES;
				MTL_ENABLE_DEBUG_INFO = INCLUDE_SOURCE;
				MTL_FAST_MATH = YES;
				ONLY_ACTIVE_ARCH = YES;
				SDKROOT = iphoneos;
				SWIFT_ACTIVE_COMPILATION_CONDITIONS = "DEBUG $(inherited)";
				SWIFT_OPTIMIZATION_LEVEL = "-Onone";
			};
			name = Debug;
		};
		BE221FF12C8B07A200D2EAC7 /* Release */ = {
			isa = XCBuildConfiguration;
			buildSettings = {
				ALWAYS_SEARCH_USER_PATHS = NO;
				ASSETCATALOG_COMPILER_GENERATE_SWIFT_ASSET_SYMBOL_EXTENSIONS = YES;
				CLANG_ANALYZER_NONNULL = YES;
				CLANG_ANALYZER_NUMBER_OBJECT_CONVERSION = YES_AGGRESSIVE;
				CLANG_CXX_LANGUAGE_STANDARD = "gnu++20";
				CLANG_ENABLE_MODULES = YES;
				CLANG_ENABLE_OBJC_ARC = YES;
				CLANG_ENABLE_OBJC_WEAK = YES;
				CLANG_WARN_BLOCK_CAPTURE_AUTORELEASING = YES;
				CLANG_WARN_BOOL_CONVERSION = YES;
				CLANG_WARN_COMMA = YES;
				CLANG_WARN_CONSTANT_CONVERSION = YES;
				CLANG_WARN_DEPRECATED_OBJC_IMPLEMENTATIONS = YES;
				CLANG_WARN_DIRECT_OBJC_ISA_USAGE = YES_ERROR;
				CLANG_WARN_DOCUMENTATION_COMMENTS = YES;
				CLANG_WARN_EMPTY_BODY = YES;
				CLANG_WARN_ENUM_CONVERSION = YES;
				CLANG_WARN_INFINITE_RECURSION = YES;
				CLANG_WARN_INT_CONVERSION = YES;
				CLANG_WARN_NON_LITERAL_NULL_CONVERSION = YES;
				CLANG_WARN_OBJC_IMPLICIT_RETAIN_SELF = YES;
				CLANG_WARN_OBJC_LITERAL_CONVERSION = YES;
				CLANG_WARN_OBJC_ROOT_CLASS = YES_ERROR;
				CLANG_WARN_QUOTED_INCLUDE_IN_FRAMEWORK_HEADER = YES;
				CLANG_WARN_RANGE_LOOP_ANALYSIS = YES;
				CLANG_WARN_STRICT_PROTOTYPES = YES;
				CLANG_WARN_SUSPICIOUS_MOVE = YES;
				CLANG_WARN_UNGUARDED_AVAILABILITY = YES_AGGRESSIVE;
				CLANG_WARN_UNREACHABLE_CODE = YES;
				CLANG_WARN__DUPLICATE_METHOD_MATCH = YES;
				COPY_PHASE_STRIP = NO;
				DEBUG_INFORMATION_FORMAT = "dwarf-with-dsym";
				ENABLE_NS_ASSERTIONS = NO;
				ENABLE_STRICT_OBJC_MSGSEND = YES;
				ENABLE_USER_SCRIPT_SANDBOXING = YES;
				GCC_C_LANGUAGE_STANDARD = gnu17;
				GCC_NO_COMMON_BLOCKS = YES;
				GCC_WARN_64_TO_32_BIT_CONVERSION = YES;
				GCC_WARN_ABOUT_RETURN_TYPE = YES_ERROR;
				GCC_WARN_UNDECLARED_SELECTOR = YES;
				GCC_WARN_UNINITIALIZED_AUTOS = YES_AGGRESSIVE;
				GCC_WARN_UNUSED_FUNCTION = YES;
				GCC_WARN_UNUSED_VARIABLE = YES;
				IPHONEOS_DEPLOYMENT_TARGET = 17.5;
				LOCALIZATION_PREFERS_STRING_CATALOGS = YES;
				MTL_ENABLE_DEBUG_INFO = NO;
				MTL_FAST_MATH = YES;
				SDKROOT = iphoneos;
				SWIFT_COMPILATION_MODE = wholemodule;
				VALIDATE_PRODUCT = YES;
			};
			name = Release;
		};
		BE221FF32C8B07A200D2EAC7 /* Debug */ = {
			isa = XCBuildConfiguration;
			buildSettings = {
				ASSETCATALOG_COMPILER_APPICON_NAME = AppIcon;
				ASSETCATALOG_COMPILER_GLOBAL_ACCENT_COLOR_NAME = AccentColor;
				CODE_SIGN_STYLE = Automatic;
				CURRENT_PROJECT_VERSION = 1;
				DEVELOPMENT_TEAM = 46PR5V47LD;
				GENERATE_INFOPLIST_FILE = YES;
				INFOPLIST_FILE = Bankey/Info.plist;
				INFOPLIST_KEY_UIApplicationSupportsIndirectInputEvents = YES;
				INFOPLIST_KEY_UILaunchStoryboardName = LaunchScreen;
				INFOPLIST_KEY_UISupportedInterfaceOrientations_iPad = "UIInterfaceOrientationPortrait UIInterfaceOrientationPortraitUpsideDown UIInterfaceOrientationLandscapeLeft UIInterfaceOrientationLandscapeRight";
				INFOPLIST_KEY_UISupportedInterfaceOrientations_iPhone = "UIInterfaceOrientationPortrait UIInterfaceOrientationLandscapeLeft UIInterfaceOrientationLandscapeRight";
				LD_RUNPATH_SEARCH_PATHS = (
					"$(inherited)",
					"@executable_path/Frameworks",
				);
				MARKETING_VERSION = 1.0;
				PRODUCT_BUNDLE_IDENTIFIER = com.yunusberdibekk.Bankey;
				PRODUCT_NAME = "$(TARGET_NAME)";
				SWIFT_EMIT_LOC_STRINGS = YES;
				SWIFT_VERSION = 5.0;
				TARGETED_DEVICE_FAMILY = "1,2";
			};
			name = Debug;
		};
		BE221FF42C8B07A200D2EAC7 /* Release */ = {
			isa = XCBuildConfiguration;
			buildSettings = {
				ASSETCATALOG_COMPILER_APPICON_NAME = AppIcon;
				ASSETCATALOG_COMPILER_GLOBAL_ACCENT_COLOR_NAME = AccentColor;
				CODE_SIGN_STYLE = Automatic;
				CURRENT_PROJECT_VERSION = 1;
				DEVELOPMENT_TEAM = 46PR5V47LD;
				GENERATE_INFOPLIST_FILE = YES;
				INFOPLIST_FILE = Bankey/Info.plist;
				INFOPLIST_KEY_UIApplicationSupportsIndirectInputEvents = YES;
				INFOPLIST_KEY_UILaunchStoryboardName = LaunchScreen;
				INFOPLIST_KEY_UISupportedInterfaceOrientations_iPad = "UIInterfaceOrientationPortrait UIInterfaceOrientationPortraitUpsideDown UIInterfaceOrientationLandscapeLeft UIInterfaceOrientationLandscapeRight";
				INFOPLIST_KEY_UISupportedInterfaceOrientations_iPhone = "UIInterfaceOrientationPortrait UIInterfaceOrientationLandscapeLeft UIInterfaceOrientationLandscapeRight";
				LD_RUNPATH_SEARCH_PATHS = (
					"$(inherited)",
					"@executable_path/Frameworks",
				);
				MARKETING_VERSION = 1.0;
				PRODUCT_BUNDLE_IDENTIFIER = com.yunusberdibekk.Bankey;
				PRODUCT_NAME = "$(TARGET_NAME)";
				SWIFT_EMIT_LOC_STRINGS = YES;
				SWIFT_VERSION = 5.0;
				TARGETED_DEVICE_FAMILY = "1,2";
			};
			name = Release;
		};
/* End XCBuildConfiguration section */

/* Begin XCConfigurationList section */
		BE221FD92C8B07A100D2EAC7 /* Build configuration list for PBXProject "Bankey" */ = {
			isa = XCConfigurationList;
			buildConfigurations = (
				BE221FF02C8B07A200D2EAC7 /* Debug */,
				BE221FF12C8B07A200D2EAC7 /* Release */,
			);
			defaultConfigurationIsVisible = 0;
			defaultConfigurationName = Release;
		};
		BE221FF22C8B07A200D2EAC7 /* Build configuration list for PBXNativeTarget "Bankey" */ = {
			isa = XCConfigurationList;
			buildConfigurations = (
				BE221FF32C8B07A200D2EAC7 /* Debug */,
				BE221FF42C8B07A200D2EAC7 /* Release */,
			);
			defaultConfigurationIsVisible = 0;
			defaultConfigurationName = Release;
		};
/* End XCConfigurationList section */
	};
	rootObject = BE221FD62C8B07A100D2EAC7 /* Project object */;
}
